{
    "_readme": [
        "This file locks the dependencies of your project to a known state",
        "Read more about it at https://getcomposer.org/doc/01-basic-usage.md#installing-dependencies",
        "This file is @generated automatically"
    ],
    "content-hash": "73e4adbba5022214aa1db818196ca456",
    "packages": [
        {
            "name": "firebase/php-jwt",
            "version": "v3.0.0",
            "source": {
                "type": "git",
                "url": "https://github.com/firebase/php-jwt.git",
                "reference": "fa8a06e96526eb7c0eeaa47e4f39be59d21f16e1"
            },
            "dist": {
                "type": "zip",
                "url": "https://api.github.com/repos/firebase/php-jwt/zipball/fa8a06e96526eb7c0eeaa47e4f39be59d21f16e1",
                "reference": "fa8a06e96526eb7c0eeaa47e4f39be59d21f16e1",
                "shasum": ""
            },
            "require": {
                "php": ">=5.3.0"
            },
            "type": "library",
            "autoload": {
                "psr-4": {
                    "Firebase\\JWT\\": "src"
                }
            },
            "notification-url": "https://packagist.org/downloads/",
            "license": [
                "BSD-3-Clause"
            ],
            "authors": [
                {
                    "name": "Neuman Vong",
                    "email": "neuman+pear@twilio.com",
                    "role": "Developer"
                },
                {
                    "name": "Anant Narayanan",
                    "email": "anant@php.net",
                    "role": "Developer"
                }
            ],
            "description": "A simple library to encode and decode JSON Web Tokens (JWT) in PHP. Should conform to the current spec.",
            "homepage": "https://github.com/firebase/php-jwt",
            "support": {
                "issues": "https://github.com/firebase/php-jwt/issues",
                "source": "https://github.com/firebase/php-jwt/tree/v3.0.0"
            },
            "time": "2015-07-22T18:31:08+00:00"
        },
        {
            "name": "firebase/token-generator",
            "version": "v3.0.0",
            "source": {
                "type": "git",
                "url": "https://github.com/firebase/firebase-token-generator-php.git",
                "reference": "60f74f02ae9e0ab498def706bdf43582379086f6"
            },
            "dist": {
                "type": "zip",
                "url": "https://api.github.com/repos/firebase/firebase-token-generator-php/zipball/60f74f02ae9e0ab498def706bdf43582379086f6",
                "reference": "60f74f02ae9e0ab498def706bdf43582379086f6",
                "shasum": ""
            },
            "require": {
                "firebase/php-jwt": "^3.0",
                "php": ">=5.4"
            },
            "require-dev": {
                "phpunit/phpunit": "^4.6.0"
            },
            "type": "library",
            "extra": {
                "branch-alias": {
                    "dev-master": "2.x-dev"
                }
            },
            "autoload": {
                "psr-4": {
                    "Firebase\\Token\\": "src"
                }
            },
            "notification-url": "https://packagist.org/downloads/",
            "license": [
                "MIT"
            ],
            "authors": [
                {
                    "name": "Anant Narayanan",
                    "email": "anant@php.net",
                    "role": "Developer"
                },
                {
                    "name": "Chris Raynor",
                    "email": "chris@firebase.com",
                    "role": "Developer"
                }
            ],
            "description": "A simple library to generate JWT tokens for authenticating to a Firebase.",
            "homepage": "https://github.com/firebase/firebase-token-generator-php",
            "support": {
                "issues": "https://github.com/firebase/firebase-token-generator-php/issues",
                "source": "https://github.com/firebase/firebase-token-generator-php/tree/v3.0.0"
            },
            "abandoned": true,
            "time": "2015-11-19T06:18:40+00:00"
        },
        {
            "name": "mercadopago/dx-php",
            "version": "dev-master",
            "source": {
                "type": "git",
                "url": "https://github.com/mercadopago/sdk-php.git",
                "reference": "98a3f7da2f13d1e85b309441b2e45c07fa312bf4"
            },
            "dist": {
                "type": "zip",
                "url": "https://api.github.com/repos/mercadopago/sdk-php/zipball/98a3f7da2f13d1e85b309441b2e45c07fa312bf4",
                "reference": "98a3f7da2f13d1e85b309441b2e45c07fa312bf4",
                "shasum": ""
            },
            "require": {
                "php": ">=8.2"
            },
            "require-dev": {
                "friendsofphp/php-cs-fixer": "^3.22",
                "phpunit/phpunit": "^10.2",
                "squizlabs/php_codesniffer": "3.*"
            },
            "default-branch": true,
            "type": "library",
            "autoload": {
                "psr-4": {
                    "MercadoPago\\": "src/MercadoPago"
                }
            },
            "notification-url": "https://packagist.org/downloads/",
            "license": [
                "MIT"
            ],
            "description": "Mercado Pago PHP SDK",
            "homepage": "https://github.com/mercadopago/sdk-php",
            "support": {
                "source": "https://github.com/mercadopago/sdk-php/tree/master"
            },
            "time": "2025-11-28T14:17:27+00:00"
        }
    ],
    "packages-dev": [],
    "aliases": [],
    "minimum-stability": "stable",
    "stability-flags": {
        "mercadopago/dx-php": 20
    },
    "prefer-stable": false,
    "prefer-lowest": false,
    "platform": [],
    "platform-dev": [],
    "plugin-api-version": "2.6.0"
}
